
Microsoft Visual Studio Solution File, Format Version 12.00
# Visual Studio Version 16
VisualStudioVersion = 16.0.30225.117
MinimumVisualStudioVersion = 10.0.40219.1
Project("{FAE04EC0-301F-11D3-BF4B-00C04F79EFBC}") = "ModuleStomp", "ModuleStomp\ModuleStomp.csproj", "{D478C5B6-6C70-46D9-A2D3-1B788736D008}"
EndProject
Global
	GlobalSection(SolutionConfigurationPlatforms) = preSolution
		Debug|Any CPU = Debug|Any CPU
		Release|Any CPU = Release|Any CPU
	EndGlobalSection
	GlobalSection(ProjectConfigurationPlatforms) = postSolution
		{D478C5B6-6C70-46D9-A2D3-1B788736D008}.Debug|Any CPU.ActiveCfg = Debug|Any CPU
		{D478C5B6-6C70-46D9-A2D3-1B788736D008}.Debug|Any CPU.Build.0 = Debug|Any CPU
		{D478C5B6-6C70-46D9-A2D3-1B788736D008}.Release|Any CPU.ActiveCfg = Release|Any CPU
		{D478C5B6-6C70-46D9-A2D3-1B788736D008}.Release|Any CPU.Build.0 = Release|Any CPU
	EndGlobalSection
	GlobalSection(SolutionProperties) = preSolution
		HideSolutionNode = FALSE
	EndGlobalSection
	GlobalSection(ExtensibilityGlobals) = postSolution
		SolutionGuid = {71986E36-4E9E-457A-940F-E698213E05B0}
	EndGlobalSection
EndGlobal
